Microsoft Visual Studio Solution File, Format Version 11.00
# Visual Studio 2008

Project("{95CC64DD-2825-F9DF-13EC-4AD683ECF339}") = "cs", "Assembly-CSharp-firstpass.csproj", "{8789FE16-517D-D994-8086-0354C1BA923A}"
EndProject
Project("{95CC64DD-2825-F9DF-13EC-4AD683ECF339}") = "cs", "Assembly-CSharp.csproj", "{F9B211EA-7203-EAF3-683B-EDB561F09C72}"
EndProject
Project("{95CC64DD-2825-F9DF-13EC-4AD683ECF339}") = "cs", "Assembly-UnityScript-firstpass.unityproj", "{94C32E8F-CF2E-5AF3-283A-5875B3BEC00C}"
EndProject
Global
	GlobalSection(SolutionConfigurationPlatforms) = preSolution
		Debug|Any CPU = Debug|Any CPU
		Release|Any CPU = Release|Any CPU
	EndGlobalSection
	GlobalSection(ProjectConfigurationPlatforms) = postSolution
		{8789FE16-517D-D994-8086-0354C1BA923A}.Debug|Any CPU.ActiveCfg = Debug|Any CPU
		{8789FE16-517D-D994-8086-0354C1BA923A}.Debug|Any CPU.Build.0 = Debug|Any CPU
		{8789FE16-517D-D994-8086-0354C1BA923A}.Release|Any CPU.ActiveCfg = Release|Any CPU
		{8789FE16-517D-D994-8086-0354C1BA923A}.Release|Any CPU.Build.0 = Release|Any CPU
		{F9B211EA-7203-EAF3-683B-EDB561F09C72}.Debug|Any CPU.ActiveCfg = Debug|Any CPU
		{F9B211EA-7203-EAF3-683B-EDB561F09C72}.Debug|Any CPU.Build.0 = Debug|Any CPU
		{F9B211EA-7203-EAF3-683B-EDB561F09C72}.Release|Any CPU.ActiveCfg = Release|Any CPU
		{F9B211EA-7203-EAF3-683B-EDB561F09C72}.Release|Any CPU.Build.0 = Release|Any CPU
		{94C32E8F-CF2E-5AF3-283A-5875B3BEC00C}.Debug|Any CPU.ActiveCfg = Debug|Any CPU
		{94C32E8F-CF2E-5AF3-283A-5875B3BEC00C}.Debug|Any CPU.Build.0 = Debug|Any CPU
		{94C32E8F-CF2E-5AF3-283A-5875B3BEC00C}.Release|Any CPU.ActiveCfg = Release|Any CPU
		{94C32E8F-CF2E-5AF3-283A-5875B3BEC00C}.Release|Any CPU.Build.0 = Release|Any CPU
	EndGlobalSection
	GlobalSection(SolutionProperties) = preSolution
		HideSolutionNode = FALSE
	EndGlobalSection
		GlobalSection(MonoDevelopProperties) = preSolution
		StartupItem = Assembly-CSharp.csproj
		Policies = $0
		$0.TextStylePolicy = $1
		$1.inheritsSet = null
		$1.scope = text/x-csharp
		$0.CSharpFormattingPolicy = $2
		$2.inheritsSet = Mono
		$2.inheritsScope = text/x-csharp
		$2.scope = text/x-csharp
		$0.TextStylePolicy = $3
		$3.FileWidth = 120
		$3.TabWidth = 4
		$3.EolMarker = Unix
		$3.inheritsSet = Mono
		$3.inheritsScope = text/plain
		$3.scope = text/plain
	EndGlobalSection

EndGlobal
